
Microsoft Visual Studio Solution File, Format Version 12.00
# Visual Studio Version 17
VisualStudioVersion = 17.11.35219.272
MinimumVisualStudioVersion = 10.0.40219.1
Project("{FAE04EC0-301F-11D3-BF4B-00C04F79EFBC}") = "BaiTap06", "BaiTap06\BaiTap06.csproj", "{6D241D64-CD4E-491F-A4E5-816D95489FEC}"
EndProject
Project("{2150E333-8FDC-42A3-9474-1A3956D46DE8}") = "Solution Items", "Solution Items", "{79813DE0-7ED8-42F7-8F47-BF3B6A73CFAB}"
	ProjectSection(SolutionItems) = preProject
		.gitignore = .gitignore
	EndProjectSection
EndProject
Global
	GlobalSection(SolutionConfigurationPlatforms) = preSolution
		Debug|Any CPU = Debug|Any CPU
		Release|Any CPU = Release|Any CPU
	EndGlobalSection
	GlobalSection(ProjectConfigurationPlatforms) = postSolution
		{6D241D64-CD4E-491F-A4E5-816D95489FEC}.Debug|Any CPU.ActiveCfg = Debug|Any CPU
		{6D241D64-CD4E-491F-A4E5-816D95489FEC}.Debug|Any CPU.Build.0 = Debug|Any CPU
		{6D241D64-CD4E-491F-A4E5-816D95489FEC}.Release|Any CPU.ActiveCfg = Release|Any CPU
		{6D241D64-CD4E-491F-A4E5-816D95489FEC}.Release|Any CPU.Build.0 = Release|Any CPU
	EndGlobalSection
	GlobalSection(SolutionProperties) = preSolution
		HideSolutionNode = FALSE
	EndGlobalSection
	GlobalSection(ExtensibilityGlobals) = postSolution
		SolutionGuid = {8DC3FE1D-CD6D-462E-B4F3-41D6A0EF6A4C}
	EndGlobalSection
EndGlobal
