
Microsoft Visual Studio Solution File, Format Version 12.00
# Visual Studio Version 17
VisualStudioVersion = 17.11.35312.102
MinimumVisualStudioVersion = 10.0.40219.1
Project("{FAE04EC0-301F-11D3-BF4B-00C04F79EFBC}") = "BaiKiemTra03_03", "BaiKiemTra03_03\BaiKiemTra03_03.csproj", "{E6674783-DF7F-411F-9731-0A9A7D08C010}"
EndProject
Project("{2150E333-8FDC-42A3-9474-1A3956D46DE8}") = "Solution Items", "Solution Items", "{E9ABCF4A-B573-4C79-A305-EAF3E1847D05}"
	ProjectSection(SolutionItems) = preProject
		.gitignore = .gitignore
	EndProjectSection
EndProject
Global
	GlobalSection(SolutionConfigurationPlatforms) = preSolution
		Debug|Any CPU = Debug|Any CPU
		Release|Any CPU = Release|Any CPU
	EndGlobalSection
	GlobalSection(ProjectConfigurationPlatforms) = postSolution
		{E6674783-DF7F-411F-9731-0A9A7D08C010}.Debug|Any CPU.ActiveCfg = Debug|Any CPU
		{E6674783-DF7F-411F-9731-0A9A7D08C010}.Debug|Any CPU.Build.0 = Debug|Any CPU
		{E6674783-DF7F-411F-9731-0A9A7D08C010}.Release|Any CPU.ActiveCfg = Release|Any CPU
		{E6674783-DF7F-411F-9731-0A9A7D08C010}.Release|Any CPU.Build.0 = Release|Any CPU
	EndGlobalSection
	GlobalSection(SolutionProperties) = preSolution
		HideSolutionNode = FALSE
	EndGlobalSection
	GlobalSection(ExtensibilityGlobals) = postSolution
		SolutionGuid = {C74FFF4C-6028-471C-BBAA-CB82BA72945C}
	EndGlobalSection
EndGlobal
